
Microsoft Visual Studio Solution File, Format Version 12.00
# Visual Studio Version 17
VisualStudioVersion = 17.2.32526.322
MinimumVisualStudioVersion = 10.0.40219.1
Project("{9A19103F-16F7-4668-BE54-9A1E7A4F7556}") = "ApiApplication", "ApiApplication\ApiApplication.csproj", "{93B1FD65-2536-4949-8992-B9BC89B5210C}"
EndProject
Global
	GlobalSection(SolutionConfigurationPlatforms) = preSolution
		Debug|Any CPU = Debug|Any CPU
		Release|Any CPU = Release|Any CPU
	EndGlobalSection
	GlobalSection(ProjectConfigurationPlatforms) = postSolution
		{93B1FD65-2536-4949-8992-B9BC89B5210C}.Debug|Any CPU.ActiveCfg = Debug|Any CPU
		{93B1FD65-2536-4949-8992-B9BC89B5210C}.Debug|Any CPU.Build.0 = Debug|Any CPU
		{93B1FD65-2536-4949-8992-B9BC89B5210C}.Release|Any CPU.ActiveCfg = Release|Any CPU
		{93B1FD65-2536-4949-8992-B9BC89B5210C}.Release|Any CPU.Build.0 = Release|Any CPU
	EndGlobalSection
	GlobalSection(SolutionProperties) = preSolution
		HideSolutionNode = FALSE
	EndGlobalSection
	GlobalSection(ExtensibilityGlobals) = postSolution
		SolutionGuid = {77F194FF-7693-4CB3-AD2D-785EB2554FFC}
	EndGlobalSection
EndGlobal
